// !$*UTF8*$!
{
	archiveVersion = 1;
	classes = {
	};
	objectVersion = 46;
	objects = {

/* Begin PBXBuildFile section */
		B00FF03D19A7BB1500B5D36D /* main.cpp in Sources */ = {isa = PBXBuildFile; fileRef = B00FF03C19A7BB1500B5D36D /* main.cpp */; };
		B00FF03F19A7BB1500B5D36D /* Palindromic_Squares.1 in CopyFiles */ = {isa = PBXBuildFile; fileRef = B00FF03E19A7BB1500B5D36D /* Palindromic_Squares.1 */; };
/* End PBXBuildFile section */

/* Begin PBXCopyFilesBuildPhase section */
		B00FF03719A7BB1500B5D36D /* CopyFiles */ = {
			isa = PBXCopyFilesBuildPhase;
			buildActionMask = 2147483647;
			dstPath = /usr/share/man/man1/;
			dstSubfolderSpec = 0;
			files = (
				B00FF03F19A7BB1500B5D36D /* Palindromic_Squares.1 in CopyFiles */,
			);
			runOnlyForDeploymentPostprocessing = 1;
		};
/* End PBXCopyFilesBuildPhase section */

/* Begin PBXFileReference section */
		B00FF03919A7BB1500B5D36D /* Palindromic-Squares */ = {isa = PBXFileReference; explicitFileType = "compiled.mach-o.executable"; includeInIndex = 0; path = "Palindromic-Squares"; sourceTree = BUILT_PRODUCTS_DIR; };
		B00FF03C19A7BB1500B5D36D /* main.cpp */ = {isa = PBXFileReference; lastKnownFileType = sourcecode.cpp.cpp; path = main.cpp; sourceTree = "<group>"; };
		B00FF03E19A7BB1500B5D36D /* Palindromic_Squares.1 */ = {isa = PBXFileReference; lastKnownFileType = text.man; path = Palindromic_Squares.1; sourceTree = "<group>"; };
/* End PBXFileReference section */

/* Begin PBXFrameworksBuildPhase section */
		B00FF03619A7BB1500B5D36D /* Frameworks */ = {
			isa = PBXFrameworksBuildPhase;
			buildActionMask = 2147483647;
			files = (
			);
			runOnlyForDeploymentPostprocessing = 0;
		};
/* End PBXFrameworksBuildPhase section */

/* Begin PBXGroup section */
		B00FF03019A7BB1500B5D36D = {
			isa = PBXGroup;
			children = (
				B00FF03B19A7BB1500B5D36D /* Palindromic-Squares */,
				B00FF03A19A7BB1500B5D36D /* Products */,
			);
			sourceTree = "<group>";
		};
		B00FF03A19A7BB1500B5D36D /* Products */ = {
			isa = PBXGroup;
			children = (
				B00FF03919A7BB1500B5D36D /* Palindromic-Squares */,
			);
			name = Products;
			sourceTree = "<group>";
		};
		B00FF03B19A7BB1500B5D36D /* Palindromic-Squares */ = {
			isa = PBXGroup;
			children = (
				B00FF03C19A7BB1500B5D36D /* main.cpp */,
				B00FF03E19A7BB1500B5D36D /* Palindromic_Squares.1 */,
			);
			path = "Palindromic-Squares";
			sourceTree = "<group>";
		};
/* End PBXGroup section */

/* Begin PBXNativeTarget section */
		B00FF03819A7BB1500B5D36D /* Palindromic-Squares */ = {
			isa = PBXNativeTarget;
			buildConfigurationList = B00FF04219A7BB1500B5D36D /* Build configuration list for PBXNativeTarget "Palindromic-Squares" */;
			buildPhases = (
				B00FF03519A7BB1500B5D36D /* Sources */,
				B00FF03619A7BB1500B5D36D /* Frameworks */,
				B00FF03719A7BB1500B5D36D /* CopyFiles */,
			);
			buildRules = (
			);
			dependencies = (
			);
			name = "Palindromic-Squares";
			productName = "Palindromic-Squares";
			productReference = B00FF03919A7BB1500B5D36D /* Palindromic-Squares */;
			productType = "com.apple.product-type.tool";
		};
/* End PBXNativeTarget section */

/* Begin PBXProject section */
		B00FF03119A7BB1500B5D36D /* Project object */ = {
			isa = PBXProject;
			attributes = {
				LastUpgradeCheck = 0510;
				ORGANIZATIONNAME = Wayne;
			};
			buildConfigurationList = B00FF03419A7BB1500B5D36D /* Build configuration list for PBXProject "Palindromic-Squares" */;
			compatibilityVersion = "Xcode 3.2";
			developmentRegion = English;
			hasScannedForEncodings = 0;
			knownRegions = (
				en,
			);
			mainGroup = B00FF03019A7BB1500B5D36D;
			productRefGroup = B00FF03A19A7BB1500B5D36D /* Products */;
			projectDirPath = "";
			projectRoot = "";
			targets = (
				B00FF03819A7BB1500B5D36D /* Palindromic-Squares */,
			);
		};
/* End PBXProject section */

/* Begin PBXSourcesBuildPhase section */
		B00FF03519A7BB1500B5D36D /* Sources */ = {
			isa = PBXSourcesBuildPhase;
			buildActionMask = 2147483647;
			files = (
				B00FF03D19A7BB1500B5D36D /* main.cpp in Sources */,
			);
			runOnlyForDeploymentPostprocessing = 0;
		};
/* End PBXSourcesBuildPhase section */

/* Begin XCBuildConfiguration section */
		B00FF04019A7BB1500B5D36D /* Debug */ = {
			isa = XCBuildConfiguration;
			buildSettings = {
				ALWAYS_SEARCH_USER_PATHS = NO;
				CLANG_CXX_LANGUAGE_STANDARD = "gnu++0x";
				CLANG_CXX_LIBRARY = "libc++";
				CLANG_ENABLE_MODULES = YES;
				CLANG_ENABLE_OBJC_ARC = YES;
				CLANG_WARN_BOOL_CONVERSION = YES;
				CLANG_WARN_CONSTANT_CONVERSION = YES;
				CLANG_WARN_DIRECT_OBJC_ISA_USAGE = YES_ERROR;
				CLANG_WARN_EMPTY_BODY = YES;
				CLANG_WARN_ENUM_CONVERSION = YES;
				CLANG_WARN_INT_CONVERSION = YES;
				CLANG_WARN_OBJC_ROOT_CLASS = YES_ERROR;
				CLANG_WARN__DUPLICATE_METHOD_MATCH = YES;
				COPY_PHASE_STRIP = NO;
				GCC_C_LANGUAGE_STANDARD = gnu99;
				GCC_DYNAMIC_NO_PIC = NO;
				GCC_ENABLE_OBJC_EXCEPTIONS = YES;
				GCC_OPTIMIZATION_LEVEL = 0;
				GCC_PREPROCESSOR_DEFINITIONS = (
					"DEBUG=1",
					"$(inherited)",
				);
				GCC_SYMBOLS_PRIVATE_EXTERN = NO;
				GCC_WARN_64_TO_32_BIT_CONVERSION = YES;
				GCC_WARN_ABOUT_RETURN_TYPE = YES_ERROR;
				GCC_WARN_UNDECLARED_SELECTOR = YES;
				GCC_WARN_UNINITIALIZED_AUTOS = YES_AGGRESSIVE;
				GCC_WARN_UNUSED_FUNCTION = YES;
				GCC_WARN_UNUSED_VARIABLE = YES;
				MACOSX_DEPLOYMENT_TARGET = 10.9;
				ONLY_ACTIVE_ARCH = YES;
				SDKROOT = macosx;
			};
			name = Debug;
		};
		B00FF04119A7BB1500B5D36D /* Release */ = {
			isa = XCBuildConfiguration;
			buildSettings = {
				ALWAYS_SEARCH_USER_PATHS = NO;
				CLANG_CXX_LANGUAGE_STANDARD = "gnu++0x";
				CLANG_CXX_LIBRARY = "libc++";
				CLANG_ENABLE_MODULES = YES;
				CLANG_ENABLE_OBJC_ARC = YES;
				CLANG_WARN_BOOL_CONVERSION = YES;
				CLANG_WARN_CONSTANT_CONVERSION = YES;
				CLANG_WARN_DIRECT_OBJC_ISA_USAGE = YES_ERROR;
				CLANG_WARN_EMPTY_BODY = YES;
				CLANG_WARN_ENUM_CONVERSION = YES;
				CLANG_WARN_INT_CONVERSION = YES;
				CLANG_WARN_OBJC_ROOT_CLASS = YES_ERROR;
				CLANG_WARN__DUPLICATE_METHOD_MATCH = YES;
				COPY_PHASE_STRIP = YES;
				DEBUG_INFORMATION_FORMAT = "dwarf-with-dsym";
				ENABLE_NS_ASSERTIONS = NO;
				GCC_C_LANGUAGE_STANDARD = gnu99;
				GCC_ENABLE_OBJC_EXCEPTIONS = YES;
				GCC_WARN_64_TO_32_BIT_CONVERSION = YES;
				GCC_WARN_ABOUT_RETURN_TYPE = YES_ERROR;
				GCC_WARN_UNDECLARED_SELECTOR = YES;
				GCC_WARN_UNINITIALIZED_AUTOS = YES_AGGRESSIVE;
				GCC_WARN_UNUSED_FUNCTION = YES;
				GCC_WARN_UNUSED_VARIABLE = YES;
				MACOSX_DEPLOYMENT_TARGET = 10.9;
				SDKROOT = macosx;
			};
			name = Release;
		};
		B00FF04319A7BB1500B5D36D /* Debug */ = {
			isa = XCBuildConfiguration;
			buildSettings = {
				PRODUCT_NAME = "$(TARGET_NAME)";
			};
			name = Debug;
		};
		B00FF04419A7BB1500B5D36D /* Release */ = {
			isa = XCBuildConfiguration;
			buildSettings = {
				PRODUCT_NAME = "$(TARGET_NAME)";
			};
			name = Release;
		};
/* End XCBuildConfiguration section */

/* Begin XCConfigurationList section */
		B00FF03419A7BB1500B5D36D /* Build configuration list for PBXProject "Palindromic-Squares" */ = {
			isa = XCConfigurationList;
			buildConfigurations = (
				B00FF04019A7BB1500B5D36D /* Debug */,
				B00FF04119A7BB1500B5D36D /* Release */,
			);
			defaultConfigurationIsVisible = 0;
			defaultConfigurationName = Release;
		};
		B00FF04219A7BB1500B5D36D /* Build configuration list for PBXNativeTarget "Palindromic-Squares" */ = {
			isa = XCConfigurationList;
			buildConfigurations = (
				B00FF04319A7BB1500B5D36D /* Debug */,
				B00FF04419A7BB1500B5D36D /* Release */,
			);
			defaultConfigurationIsVisible = 0;
		};
/* End XCConfigurationList section */
	};
	rootObject = B00FF03119A7BB1500B5D36D /* Project object */;
}
